
Microsoft Visual Studio Solution File, Format Version 12.00
# Visual Studio 15
VisualStudioVersion = 15.0.27703.2026
MinimumVisualStudioVersion = 10.0.40219.1
Project("{9A19103F-16F7-4668-BE54-9A1E7A4F7556}") = "Geofencing", "Geofencing\Geofencing.csproj", "{F8F48F1A-9D73-4393-9B0D-9FC3B1614F7F}"
EndProject
Project("{FAE04EC0-301F-11D3-BF4B-00C04F79EFBC}") = "Geofencing.Sample", "Geofencing.Sample\Geofencing.Sample\Geofencing.Sample.csproj", "{405C090C-235F-4B53-BFDE-9E864940EA51}"
EndProject
Project("{FAE04EC0-301F-11D3-BF4B-00C04F79EFBC}") = "Geofencing.Sample.Android", "Geofencing.Sample\Geofencing.Sample.Android\Geofencing.Sample.Android.csproj", "{6829459C-E2B9-4D8C-A878-B4044DB973EE}"
EndProject
Project("{FAE04EC0-301F-11D3-BF4B-00C04F79EFBC}") = "Geofencing.Sample.iOS", "Geofencing.Sample\Geofencing.Sample.iOS\Geofencing.Sample.iOS.csproj", "{5EC18E19-B726-4A97-B5C1-B58F1029B9C7}"
EndProject
Global
	GlobalSection(SolutionConfigurationPlatforms) = preSolution
		Ad-Hoc|Any CPU = Ad-Hoc|Any CPU
		Ad-Hoc|iPhone = Ad-Hoc|iPhone
		Ad-Hoc|iPhoneSimulator = Ad-Hoc|iPhoneSimulator
		AppStore|Any CPU = AppStore|Any CPU
		AppStore|iPhone = AppStore|iPhone
		AppStore|iPhoneSimulator = AppStore|iPhoneSimulator
		Debug|Any CPU = Debug|Any CPU
		Debug|iPhone = Debug|iPhone
		Debug|iPhoneSimulator = Debug|iPhoneSimulator
		Release|Any CPU = Release|Any CPU
		Release|iPhone = Release|iPhone
		Release|iPhoneSimulator = Release|iPhoneSimulator
	EndGlobalSection
	GlobalSection(ProjectConfigurationPlatforms) = postSolution
		{F8F48F1A-9D73-4393-9B0D-9FC3B1614F7F}.Ad-Hoc|Any CPU.ActiveCfg = Release|Any CPU
		{F8F48F1A-9D73-4393-9B0D-9FC3B1614F7F}.Ad-Hoc|Any CPU.Build.0 = Release|Any CPU
		{F8F48F1A-9D73-4393-9B0D-9FC3B1614F7F}.Ad-Hoc|iPhone.ActiveCfg = Release|Any CPU
		{F8F48F1A-9D73-4393-9B0D-9FC3B1614F7F}.Ad-Hoc|iPhone.Build.0 = Release|Any CPU
		{F8F48F1A-9D73-4393-9B0D-9FC3B1614F7F}.Ad-Hoc|iPhoneSimulator.ActiveCfg = Release|Any CPU
		{F8F48F1A-9D73-4393-9B0D-9FC3B1614F7F}.Ad-Hoc|iPhoneSimulator.Build.0 = Release|Any CPU
		{F8F48F1A-9D73-4393-9B0D-9FC3B1614F7F}.AppStore|Any CPU.ActiveCfg = Release|Any CPU
		{F8F48F1A-9D73-4393-9B0D-9FC3B1614F7F}.AppStore|Any CPU.Build.0 = Release|Any CPU
		{F8F48F1A-9D73-4393-9B0D-9FC3B1614F7F}.AppStore|iPhone.ActiveCfg = Release|Any CPU
		{F8F48F1A-9D73-4393-9B0D-9FC3B1614F7F}.AppStore|iPhone.Build.0 = Release|Any CPU
		{F8F48F1A-9D73-4393-9B0D-9FC3B1614F7F}.AppStore|iPhoneSimulator.ActiveCfg = Release|Any CPU
		{F8F48F1A-9D73-4393-9B0D-9FC3B1614F7F}.AppStore|iPhoneSimulator.Build.0 = Release|Any CPU
		{F8F48F1A-9D73-4393-9B0D-9FC3B1614F7F}.Debug|Any CPU.ActiveCfg = Debug|Any CPU
		{F8F48F1A-9D73-4393-9B0D-9FC3B1614F7F}.Debug|Any CPU.Build.0 = Debug|Any CPU
		{F8F48F1A-9D73-4393-9B0D-9FC3B1614F7F}.Debug|iPhone.ActiveCfg = Debug|Any CPU
		{F8F48F1A-9D73-4393-9B0D-9FC3B1614F7F}.Debug|iPhone.Build.0 = Debug|Any CPU
		{F8F48F1A-9D73-4393-9B0D-9FC3B1614F7F}.Debug|iPhoneSimulator.ActiveCfg = Debug|Any CPU
		{F8F48F1A-9D73-4393-9B0D-9FC3B1614F7F}.Debug|iPhoneSimulator.Build.0 = Debug|Any CPU
		{F8F48F1A-9D73-4393-9B0D-9FC3B1614F7F}.Release|Any CPU.ActiveCfg = Release|Any CPU
		{F8F48F1A-9D73-4393-9B0D-9FC3B1614F7F}.Release|Any CPU.Build.0 = Release|Any CPU
		{F8F48F1A-9D73-4393-9B0D-9FC3B1614F7F}.Release|iPhone.ActiveCfg = Release|Any CPU
		{F8F48F1A-9D73-4393-9B0D-9FC3B1614F7F}.Release|iPhone.Build.0 = Release|Any CPU
		{F8F48F1A-9D73-4393-9B0D-9FC3B1614F7F}.Release|iPhoneSimulator.ActiveCfg = Release|Any CPU
		{F8F48F1A-9D73-4393-9B0D-9FC3B1614F7F}.Release|iPhoneSimulator.Build.0 = Release|Any CPU
		{405C090C-235F-4B53-BFDE-9E864940EA51}.Ad-Hoc|Any CPU.ActiveCfg = Debug|Any CPU
		{405C090C-235F-4B53-BFDE-9E864940EA51}.Ad-Hoc|Any CPU.Build.0 = Debug|Any CPU
		{405C090C-235F-4B53-BFDE-9E864940EA51}.Ad-Hoc|iPhone.ActiveCfg = Debug|Any CPU
		{405C090C-235F-4B53-BFDE-9E864940EA51}.Ad-Hoc|iPhone.Build.0 = Debug|Any CPU
		{405C090C-235F-4B53-BFDE-9E864940EA51}.Ad-Hoc|iPhoneSimulator.ActiveCfg = Debug|Any CPU
		{405C090C-235F-4B53-BFDE-9E864940EA51}.Ad-Hoc|iPhoneSimulator.Build.0 = Debug|Any CPU
		{405C090C-235F-4B53-BFDE-9E864940EA51}.AppStore|Any CPU.ActiveCfg = Debug|Any CPU
		{405C090C-235F-4B53-BFDE-9E864940EA51}.AppStore|Any CPU.Build.0 = Debug|Any CPU
		{405C090C-235F-4B53-BFDE-9E864940EA51}.AppStore|iPhone.ActiveCfg = Debug|Any CPU
		{405C090C-235F-4B53-BFDE-9E864940EA51}.AppStore|iPhone.Build.0 = Debug|Any CPU
		{405C090C-235F-4B53-BFDE-9E864940EA51}.AppStore|iPhoneSimulator.ActiveCfg = Debug|Any CPU
		{405C090C-235F-4B53-BFDE-9E864940EA51}.AppStore|iPhoneSimulator.Build.0 = Debug|Any CPU
		{405C090C-235F-4B53-BFDE-9E864940EA51}.Debug|Any CPU.ActiveCfg = Debug|Any CPU
		{405C090C-235F-4B53-BFDE-9E864940EA51}.Debug|Any CPU.Build.0 = Debug|Any CPU
		{405C090C-235F-4B53-BFDE-9E864940EA51}.Debug|iPhone.ActiveCfg = Debug|Any CPU
		{405C090C-235F-4B53-BFDE-9E864940EA51}.Debug|iPhone.Build.0 = Debug|Any CPU
		{405C090C-235F-4B53-BFDE-9E864940EA51}.Debug|iPhoneSimulator.ActiveCfg = Debug|Any CPU
		{405C090C-235F-4B53-BFDE-9E864940EA51}.Debug|iPhoneSimulator.Build.0 = Debug|Any CPU
		{405C090C-235F-4B53-BFDE-9E864940EA51}.Release|Any CPU.ActiveCfg = Release|Any CPU
		{405C090C-235F-4B53-BFDE-9E864940EA51}.Release|Any CPU.Build.0 = Release|Any CPU
		{405C090C-235F-4B53-BFDE-9E864940EA51}.Release|iPhone.ActiveCfg = Release|Any CPU
		{405C090C-235F-4B53-BFDE-9E864940EA51}.Release|iPhone.Build.0 = Release|Any CPU
		{405C090C-235F-4B53-BFDE-9E864940EA51}.Release|iPhoneSimulator.ActiveCfg = Release|Any CPU
		{405C090C-235F-4B53-BFDE-9E864940EA51}.Release|iPhoneSimulator.Build.0 = Release|Any CPU
		{6829459C-E2B9-4D8C-A878-B4044DB973EE}.Ad-Hoc|Any CPU.ActiveCfg = Release|Any CPU
		{6829459C-E2B9-4D8C-A878-B4044DB973EE}.Ad-Hoc|Any CPU.Build.0 = Release|Any CPU
		{6829459C-E2B9-4D8C-A878-B4044DB973EE}.Ad-Hoc|Any CPU.Deploy.0 = Release|Any CPU
		{6829459C-E2B9-4D8C-A878-B4044DB973EE}.Ad-Hoc|iPhone.ActiveCfg = Release|Any CPU
		{6829459C-E2B9-4D8C-A878-B4044DB973EE}.Ad-Hoc|iPhone.Build.0 = Release|Any CPU
		{6829459C-E2B9-4D8C-A878-B4044DB973EE}.Ad-Hoc|iPhone.Deploy.0 = Release|Any CPU
		{6829459C-E2B9-4D8C-A878-B4044DB973EE}.Ad-Hoc|iPhoneSimulator.ActiveCfg = Release|Any CPU
		{6829459C-E2B9-4D8C-A878-B4044DB973EE}.Ad-Hoc|iPhoneSimulator.Build.0 = Release|Any CPU
		{6829459C-E2B9-4D8C-A878-B4044DB973EE}.Ad-Hoc|iPhoneSimulator.Deploy.0 = Release|Any CPU
		{6829459C-E2B9-4D8C-A878-B4044DB973EE}.AppStore|Any CPU.ActiveCfg = Release|Any CPU
		{6829459C-E2B9-4D8C-A878-B4044DB973EE}.AppStore|Any CPU.Build.0 = Release|Any CPU
		{6829459C-E2B9-4D8C-A878-B4044DB973EE}.AppStore|Any CPU.Deploy.0 = Release|Any CPU
		{6829459C-E2B9-4D8C-A878-B4044DB973EE}.AppStore|iPhone.ActiveCfg = Release|Any CPU
		{6829459C-E2B9-4D8C-A878-B4044DB973EE}.AppStore|iPhone.Build.0 = Release|Any CPU
		{6829459C-E2B9-4D8C-A878-B4044DB973EE}.AppStore|iPhone.Deploy.0 = Release|Any CPU
		{6829459C-E2B9-4D8C-A878-B4044DB973EE}.AppStore|iPhoneSimulator.ActiveCfg = Release|Any CPU
		{6829459C-E2B9-4D8C-A878-B4044DB973EE}.AppStore|iPhoneSimulator.Build.0 = Release|Any CPU
		{6829459C-E2B9-4D8C-A878-B4044DB973EE}.AppStore|iPhoneSimulator.Deploy.0 = Release|Any CPU
		{6829459C-E2B9-4D8C-A878-B4044DB973EE}.Debug|Any CPU.ActiveCfg = Debug|Any CPU
		{6829459C-E2B9-4D8C-A878-B4044DB973EE}.Debug|Any CPU.Build.0 = Debug|Any CPU
		{6829459C-E2B9-4D8C-A878-B4044DB973EE}.Debug|Any CPU.Deploy.0 = Debug|Any CPU
		{6829459C-E2B9-4D8C-A878-B4044DB973EE}.Debug|iPhone.ActiveCfg = Debug|Any CPU
		{6829459C-E2B9-4D8C-A878-B4044DB973EE}.Debug|iPhone.Build.0 = Debug|Any CPU
		{6829459C-E2B9-4D8C-A878-B4044DB973EE}.Debug|iPhone.Deploy.0 = Debug|Any CPU
		{6829459C-E2B9-4D8C-A878-B4044DB973EE}.Debug|iPhoneSimulator.ActiveCfg = Debug|Any CPU
		{6829459C-E2B9-4D8C-A878-B4044DB973EE}.Debug|iPhoneSimulator.Build.0 = Debug|Any CPU
		{6829459C-E2B9-4D8C-A878-B4044DB973EE}.Debug|iPhoneSimulator.Deploy.0 = Debug|Any CPU
		{6829459C-E2B9-4D8C-A878-B4044DB973EE}.Release|Any CPU.ActiveCfg = Release|Any CPU
		{6829459C-E2B9-4D8C-A878-B4044DB973EE}.Release|Any CPU.Build.0 = Release|Any CPU
		{6829459C-E2B9-4D8C-A878-B4044DB973EE}.Release|Any CPU.Deploy.0 = Release|Any CPU
		{6829459C-E2B9-4D8C-A878-B4044DB973EE}.Release|iPhone.ActiveCfg = Release|Any CPU
		{6829459C-E2B9-4D8C-A878-B4044DB973EE}.Release|iPhone.Build.0 = Release|Any CPU
		{6829459C-E2B9-4D8C-A878-B4044DB973EE}.Release|iPhone.Deploy.0 = Release|Any CPU
		{6829459C-E2B9-4D8C-A878-B4044DB973EE}.Release|iPhoneSimulator.ActiveCfg = Release|Any CPU
		{6829459C-E2B9-4D8C-A878-B4044DB973EE}.Release|iPhoneSimulator.Build.0 = Release|Any CPU
		{6829459C-E2B9-4D8C-A878-B4044DB973EE}.Release|iPhoneSimulator.Deploy.0 = Release|Any CPU
		{5EC18E19-B726-4A97-B5C1-B58F1029B9C7}.Ad-Hoc|Any CPU.ActiveCfg = Ad-Hoc|iPhone
		{5EC18E19-B726-4A97-B5C1-B58F1029B9C7}.Ad-Hoc|iPhone.ActiveCfg = Ad-Hoc|iPhone
		{5EC18E19-B726-4A97-B5C1-B58F1029B9C7}.Ad-Hoc|iPhone.Build.0 = Ad-Hoc|iPhone
		{5EC18E19-B726-4A97-B5C1-B58F1029B9C7}.Ad-Hoc|iPhoneSimulator.ActiveCfg = Ad-Hoc|iPhoneSimulator
		{5EC18E19-B726-4A97-B5C1-B58F1029B9C7}.Ad-Hoc|iPhoneSimulator.Build.0 = Ad-Hoc|iPhoneSimulator
		{5EC18E19-B726-4A97-B5C1-B58F1029B9C7}.AppStore|Any CPU.ActiveCfg = AppStore|iPhone
		{5EC18E19-B726-4A97-B5C1-B58F1029B9C7}.AppStore|iPhone.ActiveCfg = AppStore|iPhone
		{5EC18E19-B726-4A97-B5C1-B58F1029B9C7}.AppStore|iPhone.Build.0 = AppStore|iPhone
		{5EC18E19-B726-4A97-B5C1-B58F1029B9C7}.AppStore|iPhoneSimulator.ActiveCfg = AppStore|iPhoneSimulator
		{5EC18E19-B726-4A97-B5C1-B58F1029B9C7}.AppStore|iPhoneSimulator.Build.0 = AppStore|iPhoneSimulator
		{5EC18E19-B726-4A97-B5C1-B58F1029B9C7}.Debug|Any CPU.ActiveCfg = Debug|iPhone
		{5EC18E19-B726-4A97-B5C1-B58F1029B9C7}.Debug|iPhone.ActiveCfg = Debug|iPhone
		{5EC18E19-B726-4A97-B5C1-B58F1029B9C7}.Debug|iPhone.Build.0 = Debug|iPhone
		{5EC18E19-B726-4A97-B5C1-B58F1029B9C7}.Debug|iPhoneSimulator.ActiveCfg = Debug|iPhoneSimulator
		{5EC18E19-B726-4A97-B5C1-B58F1029B9C7}.Debug|iPhoneSimulator.Build.0 = Debug|iPhoneSimulator
		{5EC18E19-B726-4A97-B5C1-B58F1029B9C7}.Release|Any CPU.ActiveCfg = Release|iPhone
		{5EC18E19-B726-4A97-B5C1-B58F1029B9C7}.Release|iPhone.ActiveCfg = Release|iPhone
		{5EC18E19-B726-4A97-B5C1-B58F1029B9C7}.Release|iPhone.Build.0 = Release|iPhone
		{5EC18E19-B726-4A97-B5C1-B58F1029B9C7}.Release|iPhoneSimulator.ActiveCfg = Release|iPhoneSimulator
		{5EC18E19-B726-4A97-B5C1-B58F1029B9C7}.Release|iPhoneSimulator.Build.0 = Release|iPhoneSimulator
	EndGlobalSection
	GlobalSection(SolutionProperties) = preSolution
		HideSolutionNode = FALSE
	EndGlobalSection
	GlobalSection(ExtensibilityGlobals) = postSolution
		SolutionGuid = {349C367D-CBBB-48DD-9774-8B16FF18B0B6}
	EndGlobalSection
EndGlobal
